<?xml version="1.0" encoding="utf-8"?>
<Project ToolsVersion="18.0" xmlns="http://schemas.microsoft.com/developer/msbuild/2003">
  <ItemGroup>
    <ClCompile Include="C:\Users\Ethan Lappy\Desktop\repos\tools\injector\injector_main.cpp">
      <Filter>Source Files</Filter>
    </ClCompile>
  </ItemGroup>
  <ItemGroup>
    <CustomBuild Include="C:\Users\Ethan Lappy\Desktop\repos\tools\injector\CMakeLists.txt" />
  </ItemGroup>
  <ItemGroup>
    <Filter Include="Source Files">
      <UniqueIdentifier>{82D1549F-F300-3A0A-8A2C-AF94C7339517}</UniqueIdentifier>
    </Filter>
  </ItemGroup>
</Project>
